// !$*UTF8*$!
{
	archiveVersion = 1;
	classes = {
	};
	objectVersion = 48;
	objects = {

/* Begin PBXBuildFile section */
		3059EEBD1DB80AD200532E43 /* NumberLabel.swift in Sources */ = {isa = PBXBuildFile; fileRef = 3059EEBC1DB80AD200532E43 /* NumberLabel.swift */; };
		3077E4281DB61B4600C817DF /* MainViewController.swift in Sources */ = {isa = PBXBuildFile; fileRef = 3077E4271DB61B4600C817DF /* MainViewController.swift */; };
		3077E42C1DB6283600C817DF /* ViolationTypeViewController.swift in Sources */ = {isa = PBXBuildFile; fileRef = 3077E42B1DB6283600C817DF /* ViolationTypeViewController.swift */; };
		3077E42E1DB628AB00C817DF /* SendViewController.swift in Sources */ = {isa = PBXBuildFile; fileRef = 3077E42D1DB628AB00C817DF /* SendViewController.swift */; };
		3077E4321DB62E4D00C817DF /* BasePageViewController.swift in Sources */ = {isa = PBXBuildFile; fileRef = 3077E4311DB62E4D00C817DF /* BasePageViewController.swift */; };
		30EBF74E1DAF9AF1008DF5E9 /* CrimeTypesRouter.swift in Sources */ = {isa = PBXBuildFile; fileRef = 30EBF7371DAF9AF1008DF5E9 /* CrimeTypesRouter.swift */; };
		30EBF74F1DAF9AF1008DF5E9 /* MyClaimsRouter.swift in Sources */ = {isa = PBXBuildFile; fileRef = 30EBF7381DAF9AF1008DF5E9 /* MyClaimsRouter.swift */; };
		30EBF7501DAF9AF1008DF5E9 /* TokenRouter.swift in Sources */ = {isa = PBXBuildFile; fileRef = 30EBF7391DAF9AF1008DF5E9 /* TokenRouter.swift */; };
		30EBF7511DAF9AF1008DF5E9 /* UserRouter.swift in Sources */ = {isa = PBXBuildFile; fileRef = 30EBF73A1DAF9AF1008DF5E9 /* UserRouter.swift */; };
		30EBF7521DAF9AF1008DF5E9 /* Constants.swift in Sources */ = {isa = PBXBuildFile; fileRef = 30EBF73B1DAF9AF1008DF5E9 /* Constants.swift */; };
		30EBF7531DAF9AF1008DF5E9 /* ButtonNext.swift in Sources */ = {isa = PBXBuildFile; fileRef = 30EBF73D1DAF9AF1008DF5E9 /* ButtonNext.swift */; };
		30EBF7541DAF9AF1008DF5E9 /* FixationViewController.swift in Sources */ = {isa = PBXBuildFile; fileRef = 30EBF73F1DAF9AF1008DF5E9 /* FixationViewController.swift */; };
		30EBF7551DAF9AF1008DF5E9 /* LocationViewController.swift in Sources */ = {isa = PBXBuildFile; fileRef = 30EBF7401DAF9AF1008DF5E9 /* LocationViewController.swift */; };
		30EBF7561DAF9AF1008DF5E9 /* Claim.swift in Sources */ = {isa = PBXBuildFile; fileRef = 30EBF7421DAF9AF1008DF5E9 /* Claim.swift */; };
		30EBF7571DAF9AF1008DF5E9 /* SettingsViewController.swift in Sources */ = {isa = PBXBuildFile; fileRef = 30EBF7441DAF9AF1008DF5E9 /* SettingsViewController.swift */; };
		E7158AED1D4268AE00E8AE18 /* Bolts.framework in Frameworks */ = {isa = PBXBuildFile; fileRef = E7158AEA1D4268AE00E8AE18 /* Bolts.framework */; };
		E7158AEE1D4268AE00E8AE18 /* Bolts.framework in Embed Frameworks */ = {isa = PBXBuildFile; fileRef = E7158AEA1D4268AE00E8AE18 /* Bolts.framework */; settings = {ATTRIBUTES = (CodeSignOnCopy, RemoveHeadersOnCopy, ); }; };
		E7158AEF1D4268AE00E8AE18 /* FBSDKCoreKit.framework in Frameworks */ = {isa = PBXBuildFile; fileRef = E7158AEB1D4268AE00E8AE18 /* FBSDKCoreKit.framework */; };
		E7158AF01D4268AE00E8AE18 /* FBSDKCoreKit.framework in Embed Frameworks */ = {isa = PBXBuildFile; fileRef = E7158AEB1D4268AE00E8AE18 /* FBSDKCoreKit.framework */; settings = {ATTRIBUTES = (CodeSignOnCopy, RemoveHeadersOnCopy, ); }; };
		E7158AF11D4268AE00E8AE18 /* FBSDKLoginKit.framework in Frameworks */ = {isa = PBXBuildFile; fileRef = E7158AEC1D4268AE00E8AE18 /* FBSDKLoginKit.framework */; };
		E7158AF21D4268AE00E8AE18 /* FBSDKLoginKit.framework in Embed Frameworks */ = {isa = PBXBuildFile; fileRef = E7158AEC1D4268AE00E8AE18 /* FBSDKLoginKit.framework */; settings = {ATTRIBUTES = (CodeSignOnCopy, RemoveHeadersOnCopy, ); }; };
		E73134011D1D482200C3B886 /* AppDelegate.swift in Sources */ = {isa = PBXBuildFile; fileRef = E73134001D1D482200C3B886 /* AppDelegate.swift */; };
		E73134081D1D482300C3B886 /* Main.storyboard in Resources */ = {isa = PBXBuildFile; fileRef = E73134061D1D482300C3B886 /* Main.storyboard */; };
		E731340A1D1D482300C3B886 /* Assets.xcassets in Resources */ = {isa = PBXBuildFile; fileRef = E73134091D1D482300C3B886 /* Assets.xcassets */; };
		E731340D1D1D482300C3B886 /* LaunchScreen.storyboard in Resources */ = {isa = PBXBuildFile; fileRef = E731340B1D1D482300C3B886 /* LaunchScreen.storyboard */; };
		E799C7371D7710020082ADFD /* MapKit.framework in Frameworks */ = {isa = PBXBuildFile; fileRef = E799C7361D7710020082ADFD /* MapKit.framework */; };
		E7B8C0C21DB75D030062C4EF /* Alamofire.framework in Frameworks */ = {isa = PBXBuildFile; fileRef = E7B8C0BF1DB75D030062C4EF /* Alamofire.framework */; };
		E7B8C0C31DB75D030062C4EF /* CryptoSwift.framework in Frameworks */ = {isa = PBXBuildFile; fileRef = E7B8C0C01DB75D030062C4EF /* CryptoSwift.framework */; };
		E7B8C0C41DB75D030062C4EF /* JWT.framework in Frameworks */ = {isa = PBXBuildFile; fileRef = E7B8C0C11DB75D030062C4EF /* JWT.framework */; };
/* End PBXBuildFile section */

/* Begin PBXCopyFilesBuildPhase section */
		E7DCA5DB1D3E0044000F0B1C /* Embed Frameworks */ = {
			isa = PBXCopyFilesBuildPhase;
			buildActionMask = 2147483647;
			dstPath = "";
			dstSubfolderSpec = 10;
			files = (
				E7158AF01D4268AE00E8AE18 /* FBSDKCoreKit.framework in Embed Frameworks */,
				E7158AF21D4268AE00E8AE18 /* FBSDKLoginKit.framework in Embed Frameworks */,
				E7158AEE1D4268AE00E8AE18 /* Bolts.framework in Embed Frameworks */,
			);
			name = "Embed Frameworks";
			runOnlyForDeploymentPostprocessing = 0;
		};
/* End PBXCopyFilesBuildPhase section */

/* Begin PBXFileReference section */
		3059EEBC1DB80AD200532E43 /* NumberLabel.swift */ = {isa = PBXFileReference; fileEncoding = 4; lastKnownFileType = sourcecode.swift; path = NumberLabel.swift; sourceTree = "<group>"; };
		3077E4271DB61B4600C817DF /* MainViewController.swift */ = {isa = PBXFileReference; fileEncoding = 4; lastKnownFileType = sourcecode.swift; path = MainViewController.swift; sourceTree = "<group>"; };
		3077E42B1DB6283600C817DF /* ViolationTypeViewController.swift */ = {isa = PBXFileReference; fileEncoding = 4; lastKnownFileType = sourcecode.swift; path = ViolationTypeViewController.swift; sourceTree = "<group>"; };
		3077E42D1DB628AB00C817DF /* SendViewController.swift */ = {isa = PBXFileReference; fileEncoding = 4; lastKnownFileType = sourcecode.swift; path = SendViewController.swift; sourceTree = "<group>"; };
		3077E4311DB62E4D00C817DF /* BasePageViewController.swift */ = {isa = PBXFileReference; fileEncoding = 4; lastKnownFileType = sourcecode.swift; path = BasePageViewController.swift; sourceTree = "<group>"; };
		30EBF7371DAF9AF1008DF5E9 /* CrimeTypesRouter.swift */ = {isa = PBXFileReference; fileEncoding = 4; lastKnownFileType = sourcecode.swift; path = CrimeTypesRouter.swift; sourceTree = "<group>"; };
		30EBF7381DAF9AF1008DF5E9 /* MyClaimsRouter.swift */ = {isa = PBXFileReference; fileEncoding = 4; lastKnownFileType = sourcecode.swift; path = MyClaimsRouter.swift; sourceTree = "<group>"; };
		30EBF7391DAF9AF1008DF5E9 /* TokenRouter.swift */ = {isa = PBXFileReference; fileEncoding = 4; lastKnownFileType = sourcecode.swift; path = TokenRouter.swift; sourceTree = "<group>"; };
		30EBF73A1DAF9AF1008DF5E9 /* UserRouter.swift */ = {isa = PBXFileReference; fileEncoding = 4; lastKnownFileType = sourcecode.swift; path = UserRouter.swift; sourceTree = "<group>"; };
		30EBF73B1DAF9AF1008DF5E9 /* Constants.swift */ = {isa = PBXFileReference; fileEncoding = 4; lastKnownFileType = sourcecode.swift; path = Constants.swift; sourceTree = "<group>"; };
		30EBF73D1DAF9AF1008DF5E9 /* ButtonNext.swift */ = {isa = PBXFileReference; fileEncoding = 4; lastKnownFileType = sourcecode.swift; path = ButtonNext.swift; sourceTree = "<group>"; };
		30EBF73F1DAF9AF1008DF5E9 /* FixationViewController.swift */ = {isa = PBXFileReference; fileEncoding = 4; lastKnownFileType = sourcecode.swift; path = FixationViewController.swift; sourceTree = "<group>"; };
		30EBF7401DAF9AF1008DF5E9 /* LocationViewController.swift */ = {isa = PBXFileReference; fileEncoding = 4; lastKnownFileType = sourcecode.swift; path = LocationViewController.swift; sourceTree = "<group>"; };
		30EBF7421DAF9AF1008DF5E9 /* Claim.swift */ = {isa = PBXFileReference; fileEncoding = 4; lastKnownFileType = sourcecode.swift; path = Claim.swift; sourceTree = "<group>"; };
		30EBF7441DAF9AF1008DF5E9 /* SettingsViewController.swift */ = {isa = PBXFileReference; fileEncoding = 4; lastKnownFileType = sourcecode.swift; path = SettingsViewController.swift; sourceTree = "<group>"; };
		E7158AEA1D4268AE00E8AE18 /* Bolts.framework */ = {isa = PBXFileReference; lastKnownFileType = wrapper.framework; name = Bolts.framework; path = Carthage/Build/iOS/Bolts.framework; sourceTree = "<group>"; };
		E7158AEB1D4268AE00E8AE18 /* FBSDKCoreKit.framework */ = {isa = PBXFileReference; lastKnownFileType = wrapper.framework; name = FBSDKCoreKit.framework; path = Carthage/Build/iOS/FBSDKCoreKit.framework; sourceTree = "<group>"; };
		E7158AEC1D4268AE00E8AE18 /* FBSDKLoginKit.framework */ = {isa = PBXFileReference; lastKnownFileType = wrapper.framework; name = FBSDKLoginKit.framework; path = Carthage/Build/iOS/FBSDKLoginKit.framework; sourceTree = "<group>"; };
		E73133FD1D1D482200C3B886 /* badparking-ios.app */ = {isa = PBXFileReference; explicitFileType = wrapper.application; includeInIndex = 0; path = "badparking-ios.app"; sourceTree = BUILT_PRODUCTS_DIR; };
		E73134001D1D482200C3B886 /* AppDelegate.swift */ = {isa = PBXFileReference; lastKnownFileType = sourcecode.swift; path = AppDelegate.swift; sourceTree = "<group>"; };
		E73134071D1D482300C3B886 /* Base */ = {isa = PBXFileReference; lastKnownFileType = file.storyboard; name = Base; path = Base.lproj/Main.storyboard; sourceTree = "<group>"; };
		E73134091D1D482300C3B886 /* Assets.xcassets */ = {isa = PBXFileReference; lastKnownFileType = folder.assetcatalog; path = Assets.xcassets; sourceTree = "<group>"; };
		E731340C1D1D482300C3B886 /* Base */ = {isa = PBXFileReference; lastKnownFileType = file.storyboard; name = Base; path = Base.lproj/LaunchScreen.storyboard; sourceTree = "<group>"; };
		E731340E1D1D482300C3B886 /* Info.plist */ = {isa = PBXFileReference; lastKnownFileType = text.plist.xml; path = Info.plist; sourceTree = "<group>"; };
		E76E7B291D563F8C008BEEAB /* badparking-ios.entitlements */ = {isa = PBXFileReference; lastKnownFileType = text.plist.entitlements; path = "badparking-ios.entitlements"; sourceTree = "<group>"; };
		E799C7361D7710020082ADFD /* MapKit.framework */ = {isa = PBXFileReference; lastKnownFileType = wrapper.framework; name = MapKit.framework; path = System/Library/Frameworks/MapKit.framework; sourceTree = SDKROOT; };
		E7B8C0BF1DB75D030062C4EF /* Alamofire.framework */ = {isa = PBXFileReference; lastKnownFileType = wrapper.framework; name = Alamofire.framework; path = Carthage/Build/iOS/Alamofire.framework; sourceTree = "<group>"; };
		E7B8C0C01DB75D030062C4EF /* CryptoSwift.framework */ = {isa = PBXFileReference; lastKnownFileType = wrapper.framework; name = CryptoSwift.framework; path = Carthage/Build/iOS/CryptoSwift.framework; sourceTree = "<group>"; };
		E7B8C0C11DB75D030062C4EF /* JWT.framework */ = {isa = PBXFileReference; lastKnownFileType = wrapper.framework; name = JWT.framework; path = Carthage/Build/iOS/JWT.framework; sourceTree = "<group>"; };
/* End PBXFileReference section */

/* Begin PBXFrameworksBuildPhase section */
		E73133FA1D1D482200C3B886 /* Frameworks */ = {
			isa = PBXFrameworksBuildPhase;
			buildActionMask = 2147483647;
			files = (
				E799C7371D7710020082ADFD /* MapKit.framework in Frameworks */,
				E7158AEF1D4268AE00E8AE18 /* FBSDKCoreKit.framework in Frameworks */,
				E7158AF11D4268AE00E8AE18 /* FBSDKLoginKit.framework in Frameworks */,
				E7158AED1D4268AE00E8AE18 /* Bolts.framework in Frameworks */,
				E7B8C0C21DB75D030062C4EF /* Alamofire.framework in Frameworks */,
				E7B8C0C31DB75D030062C4EF /* CryptoSwift.framework in Frameworks */,
				E7B8C0C41DB75D030062C4EF /* JWT.framework in Frameworks */,
			);
			runOnlyForDeploymentPostprocessing = 0;
		};
/* End PBXFrameworksBuildPhase section */

/* Begin PBXGroup section */
		30EBF7341DAF9ADC008DF5E9 /* Support Files */ = {
			isa = PBXGroup;
			children = (
				E76E7B291D563F8C008BEEAB /* badparking-ios.entitlements */,
				E73134091D1D482300C3B886 /* Assets.xcassets */,
				E731340B1D1D482300C3B886 /* LaunchScreen.storyboard */,
				E731340E1D1D482300C3B886 /* Info.plist */,
			);
			name = "Support Files";
			sourceTree = "<group>";
		};
		30EBF7351DAF9AF1008DF5E9 /* Classes */ = {
			isa = PBXGroup;
			children = (
				3077E4271DB61B4600C817DF /* MainViewController.swift */,
				30EBF73E1DAF9AF1008DF5E9 /* Pages */,
				30EBF7431DAF9AF1008DF5E9 /* Settings Screen */,
				30EBF7361DAF9AF1008DF5E9 /* API */,
				30EBF73B1DAF9AF1008DF5E9 /* Constants.swift */,
				30EBF73C1DAF9AF1008DF5E9 /* controls */,
				30EBF7411DAF9AF1008DF5E9 /* models */,
			);
			path = Classes;
			sourceTree = "<group>";
		};
		30EBF7361DAF9AF1008DF5E9 /* API */ = {
			isa = PBXGroup;
			children = (
				30EBF7371DAF9AF1008DF5E9 /* CrimeTypesRouter.swift */,
				30EBF7381DAF9AF1008DF5E9 /* MyClaimsRouter.swift */,
				30EBF7391DAF9AF1008DF5E9 /* TokenRouter.swift */,
				30EBF73A1DAF9AF1008DF5E9 /* UserRouter.swift */,
			);
			path = API;
			sourceTree = "<group>";
		};
		30EBF73C1DAF9AF1008DF5E9 /* controls */ = {
			isa = PBXGroup;
			children = (
				30EBF73D1DAF9AF1008DF5E9 /* ButtonNext.swift */,
				3059EEBC1DB80AD200532E43 /* NumberLabel.swift */,
			);
			path = controls;
			sourceTree = "<group>";
		};
		30EBF73E1DAF9AF1008DF5E9 /* Pages */ = {
			isa = PBXGroup;
			children = (
				3077E4311DB62E4D00C817DF /* BasePageViewController.swift */,
				30EBF73F1DAF9AF1008DF5E9 /* FixationViewController.swift */,
				30EBF7401DAF9AF1008DF5E9 /* LocationViewController.swift */,
				3077E42B1DB6283600C817DF /* ViolationTypeViewController.swift */,
				3077E42D1DB628AB00C817DF /* SendViewController.swift */,
			);
			path = Pages;
			sourceTree = "<group>";
		};
		30EBF7411DAF9AF1008DF5E9 /* models */ = {
			isa = PBXGroup;
			children = (
				30EBF7421DAF9AF1008DF5E9 /* Claim.swift */,
			);
			path = models;
			sourceTree = "<group>";
		};
		30EBF7431DAF9AF1008DF5E9 /* Settings Screen */ = {
			isa = PBXGroup;
			children = (
				30EBF7441DAF9AF1008DF5E9 /* SettingsViewController.swift */,
			);
			path = "Settings Screen";
			sourceTree = "<group>";
		};
		E73133F41D1D482200C3B886 = {
			isa = PBXGroup;
			children = (
				E73133FF1D1D482200C3B886 /* badparking-ios */,
				E73133FE1D1D482200C3B886 /* Products */,
				E73343231D3790F800A5A9DE /* Frameworks */,
			);
			sourceTree = "<group>";
		};
		E73133FE1D1D482200C3B886 /* Products */ = {
			isa = PBXGroup;
			children = (
				E73133FD1D1D482200C3B886 /* badparking-ios.app */,
			);
			name = Products;
			sourceTree = "<group>";
		};
		E73133FF1D1D482200C3B886 /* badparking-ios */ = {
			isa = PBXGroup;
			children = (
				30EBF7351DAF9AF1008DF5E9 /* Classes */,
				E73134001D1D482200C3B886 /* AppDelegate.swift */,
				E73134061D1D482300C3B886 /* Main.storyboard */,
				30EBF7341DAF9ADC008DF5E9 /* Support Files */,
			);
			path = "badparking-ios";
			sourceTree = "<group>";
		};
		E73343231D3790F800A5A9DE /* Frameworks */ = {
			isa = PBXGroup;
			children = (
				E7B8C0BF1DB75D030062C4EF /* Alamofire.framework */,
				E7B8C0C01DB75D030062C4EF /* CryptoSwift.framework */,
				E7B8C0C11DB75D030062C4EF /* JWT.framework */,
				E799C7361D7710020082ADFD /* MapKit.framework */,
				E7158AEA1D4268AE00E8AE18 /* Bolts.framework */,
				E7158AEB1D4268AE00E8AE18 /* FBSDKCoreKit.framework */,
				E7158AEC1D4268AE00E8AE18 /* FBSDKLoginKit.framework */,
			);
			name = Frameworks;
			sourceTree = "<group>";
		};
/* End PBXGroup section */

/* Begin PBXNativeTarget section */
		E73133FC1D1D482200C3B886 /* badparking-ios */ = {
			isa = PBXNativeTarget;
			buildConfigurationList = E731341C1D1D482300C3B886 /* Build configuration list for PBXNativeTarget "badparking-ios" */;
			buildPhases = (
				E73133F91D1D482200C3B886 /* Sources */,
				E73133FA1D1D482200C3B886 /* Frameworks */,
				E73133FB1D1D482200C3B886 /* Resources */,
				E7DCA5DB1D3E0044000F0B1C /* Embed Frameworks */,
				E7EA39061D3E0BC7009EF4CD /* Carthage copy frameworks */,
			);
			buildRules = (
			);
			dependencies = (
			);
			name = "badparking-ios";
			productName = "badparking-ios";
			productReference = E73133FD1D1D482200C3B886 /* badparking-ios.app */;
			productType = "com.apple.product-type.application";
		};
/* End PBXNativeTarget section */

/* Begin PBXProject section */
		E73133F51D1D482200C3B886 /* Project object */ = {
			isa = PBXProject;
			attributes = {
				LastSwiftUpdateCheck = 0800;
				LastUpgradeCheck = 0800;
				ORGANIZATIONNAME = Badparking;
				TargetAttributes = {
					E73133FC1D1D482200C3B886 = {
						CreatedOnToolsVersion = 8.0;
						DevelopmentTeamName = "Eugene Nagorny (Personal Team)";
						LastSwiftMigration = 0800;
						ProvisioningStyle = Automatic;
						SystemCapabilities = {
							com.apple.Keychain = {
								enabled = 1;
							};
						};
					};
				};
			};
			buildConfigurationList = E73133F81D1D482200C3B886 /* Build configuration list for PBXProject "badparking-ios" */;
			compatibilityVersion = "Xcode 8.0";
			developmentRegion = English;
			hasScannedForEncodings = 0;
			knownRegions = (
				en,
				Base,
			);
			mainGroup = E73133F41D1D482200C3B886;
			productRefGroup = E73133FE1D1D482200C3B886 /* Products */;
			projectDirPath = "";
			projectRoot = "";
			targets = (
				E73133FC1D1D482200C3B886 /* badparking-ios */,
			);
		};
/* End PBXProject section */

/* Begin PBXResourcesBuildPhase section */
		E73133FB1D1D482200C3B886 /* Resources */ = {
			isa = PBXResourcesBuildPhase;
			buildActionMask = 2147483647;
			files = (
				E731340D1D1D482300C3B886 /* LaunchScreen.storyboard in Resources */,
				E731340A1D1D482300C3B886 /* Assets.xcassets in Resources */,
				E73134081D1D482300C3B886 /* Main.storyboard in Resources */,
			);
			runOnlyForDeploymentPostprocessing = 0;
		};
/* End PBXResourcesBuildPhase section */

/* Begin PBXShellScriptBuildPhase section */
		E7EA39061D3E0BC7009EF4CD /* Carthage copy frameworks */ = {
			isa = PBXShellScriptBuildPhase;
			buildActionMask = 2147483647;
			files = (
			);
			inputPaths = (
				"$(SRCROOT)/Carthage/Build/iOS/Bolts.framework",
				"$(SRCROOT)/Carthage/Build/iOS/FBSDKCoreKit.framework",
				"$(SRCROOT)/Carthage/Build/iOS/FBSDKLoginKit.framework",
				"$(SRCROOT)/Carthage/Build/iOS/Alamofire.framework",
				"$(SRCROOT)/Carthage/Build/iOS/CryptoSwift.framework",
				"$(SRCROOT)/Carthage/Build/iOS/JWT.framework",
			);
			name = "Carthage copy frameworks";
			outputPaths = (
			);
			runOnlyForDeploymentPostprocessing = 0;
			shellPath = /bin/sh;
			shellScript = "/usr/local/bin/carthage copy-frameworks";
		};
/* End PBXShellScriptBuildPhase section */

/* Begin PBXSourcesBuildPhase section */
		E73133F91D1D482200C3B886 /* Sources */ = {
			isa = PBXSourcesBuildPhase;
			buildActionMask = 2147483647;
			files = (
				30EBF7541DAF9AF1008DF5E9 /* FixationViewController.swift in Sources */,
				30EBF74F1DAF9AF1008DF5E9 /* MyClaimsRouter.swift in Sources */,
				E73134011D1D482200C3B886 /* AppDelegate.swift in Sources */,
				30EBF7531DAF9AF1008DF5E9 /* ButtonNext.swift in Sources */,
				30EBF7501DAF9AF1008DF5E9 /* TokenRouter.swift in Sources */,
				3059EEBD1DB80AD200532E43 /* NumberLabel.swift in Sources */,
				30EBF74E1DAF9AF1008DF5E9 /* CrimeTypesRouter.swift in Sources */,
				3077E4281DB61B4600C817DF /* MainViewController.swift in Sources */,
				3077E42E1DB628AB00C817DF /* SendViewController.swift in Sources */,
				30EBF7551DAF9AF1008DF5E9 /* LocationViewController.swift in Sources */,
				3077E42C1DB6283600C817DF /* ViolationTypeViewController.swift in Sources */,
				30EBF7511DAF9AF1008DF5E9 /* UserRouter.swift in Sources */,
				30EBF7561DAF9AF1008DF5E9 /* Claim.swift in Sources */,
				3077E4321DB62E4D00C817DF /* BasePageViewController.swift in Sources */,
				30EBF7521DAF9AF1008DF5E9 /* Constants.swift in Sources */,
				30EBF7571DAF9AF1008DF5E9 /* SettingsViewController.swift in Sources */,
			);
			runOnlyForDeploymentPostprocessing = 0;
		};
/* End PBXSourcesBuildPhase section */

/* Begin PBXVariantGroup section */
		E73134061D1D482300C3B886 /* Main.storyboard */ = {
			isa = PBXVariantGroup;
			children = (
				E73134071D1D482300C3B886 /* Base */,
			);
			name = Main.storyboard;
			sourceTree = "<group>";
		};
		E731340B1D1D482300C3B886 /* LaunchScreen.storyboard */ = {
			isa = PBXVariantGroup;
			children = (
				E731340C1D1D482300C3B886 /* Base */,
			);
			name = LaunchScreen.storyboard;
			sourceTree = "<group>";
		};
/* End PBXVariantGroup section */

/* Begin XCBuildConfiguration section */
		E731341A1D1D482300C3B886 /* Debug */ = {
			isa = XCBuildConfiguration;
			buildSettings = {
				ALWAYS_SEARCH_USER_PATHS = NO;
				CLANG_ANALYZER_NONNULL = YES;
				CLANG_CXX_LANGUAGE_STANDARD = "gnu++0x";
				CLANG_CXX_LIBRARY = "libc++";
				CLANG_ENABLE_MODULES = YES;
				CLANG_ENABLE_OBJC_ARC = YES;
				CLANG_WARN_BOOL_CONVERSION = YES;
				CLANG_WARN_CONSTANT_CONVERSION = YES;
				CLANG_WARN_DIRECT_OBJC_ISA_USAGE = YES_ERROR;
				CLANG_WARN_DOCUMENTATION_COMMENTS = YES;
				CLANG_WARN_EMPTY_BODY = YES;
				CLANG_WARN_ENUM_CONVERSION = YES;
				CLANG_WARN_INT_CONVERSION = YES;
				CLANG_WARN_OBJC_ROOT_CLASS = YES_ERROR;
				CLANG_WARN_UNREACHABLE_CODE = YES;
				CLANG_WARN__DUPLICATE_METHOD_MATCH = YES;
				"CODE_SIGN_IDENTITY[sdk=iphoneos*]" = "iPhone Developer";
				COPY_PHASE_STRIP = NO;
				DEBUG_INFORMATION_FORMAT = dwarf;
				ENABLE_STRICT_OBJC_MSGSEND = YES;
				ENABLE_TESTABILITY = YES;
				GCC_C_LANGUAGE_STANDARD = gnu99;
				GCC_DYNAMIC_NO_PIC = NO;
				GCC_NO_COMMON_BLOCKS = YES;
				GCC_OPTIMIZATION_LEVEL = 0;
				GCC_PREPROCESSOR_DEFINITIONS = (
					"DEBUG=1",
					"$(inherited)",
				);
				GCC_WARN_64_TO_32_BIT_CONVERSION = YES;
				GCC_WARN_ABOUT_RETURN_TYPE = YES_ERROR;
				GCC_WARN_UNDECLARED_SELECTOR = YES;
				GCC_WARN_UNINITIALIZED_AUTOS = YES_AGGRESSIVE;
				GCC_WARN_UNUSED_FUNCTION = YES;
				GCC_WARN_UNUSED_VARIABLE = YES;
				IPHONEOS_DEPLOYMENT_TARGET = 9.0;
				MTL_ENABLE_DEBUG_INFO = YES;
				ONLY_ACTIVE_ARCH = YES;
				SDKROOT = iphoneos;
				SWIFT_ACTIVE_COMPILATION_CONDITIONS = DEBUG;
				SWIFT_OPTIMIZATION_LEVEL = "-Onone";
				TARGETED_DEVICE_FAMILY = "1,2";
			};
			name = Debug;
		};
		E731341B1D1D482300C3B886 /* Release */ = {
			isa = XCBuildConfiguration;
			buildSettings = {
				ALWAYS_SEARCH_USER_PATHS = NO;
				CLANG_ANALYZER_NONNULL = YES;
				CLANG_CXX_LANGUAGE_STANDARD = "gnu++0x";
				CLANG_CXX_LIBRARY = "libc++";
				CLANG_ENABLE_MODULES = YES;
				CLANG_ENABLE_OBJC_ARC = YES;
				CLANG_WARN_BOOL_CONVERSION = YES;
				CLANG_WARN_CONSTANT_CONVERSION = YES;
				CLANG_WARN_DIRECT_OBJC_ISA_USAGE = YES_ERROR;
				CLANG_WARN_DOCUMENTATION_COMMENTS = YES;
				CLANG_WARN_EMPTY_BODY = YES;
				CLANG_WARN_ENUM_CONVERSION = YES;
				CLANG_WARN_INT_CONVERSION = YES;
				CLANG_WARN_OBJC_ROOT_CLASS = YES_ERROR;
				CLANG_WARN_UNREACHABLE_CODE = YES;
				CLANG_WARN__DUPLICATE_METHOD_MATCH = YES;
				"CODE_SIGN_IDENTITY[sdk=iphoneos*]" = "iPhone Developer";
				COPY_PHASE_STRIP = NO;
				DEBUG_INFORMATION_FORMAT = "dwarf-with-dsym";
				ENABLE_NS_ASSERTIONS = NO;
				ENABLE_STRICT_OBJC_MSGSEND = YES;
				GCC_C_LANGUAGE_STANDARD = gnu99;
				GCC_NO_COMMON_BLOCKS = YES;
				GCC_WARN_64_TO_32_BIT_CONVERSION = YES;
				GCC_WARN_ABOUT_RETURN_TYPE = YES_ERROR;
				GCC_WARN_UNDECLARED_SELECTOR = YES;
				GCC_WARN_UNINITIALIZED_AUTOS = YES_AGGRESSIVE;
				GCC_WARN_UNUSED_FUNCTION = YES;
				GCC_WARN_UNUSED_VARIABLE = YES;
				IPHONEOS_DEPLOYMENT_TARGET = 9.0;
				MTL_ENABLE_DEBUG_INFO = NO;
				SDKROOT = iphoneos;
				SWIFT_OPTIMIZATION_LEVEL = "-Owholemodule";
				TARGETED_DEVICE_FAMILY = "1,2";
				VALIDATE_PRODUCT = YES;
			};
			name = Release;
		};
		E731341D1D1D482300C3B886 /* Debug */ = {
			isa = XCBuildConfiguration;
			buildSettings = {
				ASSETCATALOG_COMPILER_APPICON_NAME = AppIcon;
				CODE_SIGN_ENTITLEMENTS = "badparking-ios/badparking-ios.entitlements";
				"CODE_SIGN_IDENTITY[sdk=iphoneos*]" = "iPhone Developer";
				DEVELOPMENT_TEAM = LM458ZQR67;
				FRAMEWORK_SEARCH_PATHS = (
					"$(inherited)",
					"$(PROJECT_DIR)/Carthage/Build/iOS",
				);
				INFOPLIST_FILE = "badparking-ios/Info.plist";
				IPHONEOS_DEPLOYMENT_TARGET = 9.0;
				LD_RUNPATH_SEARCH_PATHS = "@executable_path/Frameworks $(inherited)";
				PRODUCT_BUNDLE_IDENTIFIER = com.lesprod.badparkingios;
				PRODUCT_NAME = "$(TARGET_NAME)";
				SWIFT_OBJC_BRIDGING_HEADER = "";
				SWIFT_VERSION = 3.0;
				TARGETED_DEVICE_FAMILY = 1;
			};
			name = Debug;
		};
		E731341E1D1D482300C3B886 /* Release */ = {
			isa = XCBuildConfiguration;
			buildSettings = {
				ASSETCATALOG_COMPILER_APPICON_NAME = AppIcon;
				CODE_SIGN_ENTITLEMENTS = "badparking-ios/badparking-ios.entitlements";
				"CODE_SIGN_IDENTITY[sdk=iphoneos*]" = "iPhone Developer";
				DEVELOPMENT_TEAM = LM458ZQR67;
				FRAMEWORK_SEARCH_PATHS = (
					"$(inherited)",
					"$(PROJECT_DIR)/Carthage/Build/iOS",
				);
				INFOPLIST_FILE = "badparking-ios/Info.plist";
				IPHONEOS_DEPLOYMENT_TARGET = 9.0;
				LD_RUNPATH_SEARCH_PATHS = "@executable_path/Frameworks $(inherited)";
				PRODUCT_BUNDLE_IDENTIFIER = com.lesprod.badparkingios;
				PRODUCT_NAME = "$(TARGET_NAME)";
				SWIFT_OBJC_BRIDGING_HEADER = "";
				SWIFT_VERSION = 3.0;
				TARGETED_DEVICE_FAMILY = 1;
			};
			name = Release;
		};
/* End XCBuildConfiguration section */

/* Begin XCConfigurationList section */
		E73133F81D1D482200C3B886 /* Build configuration list for PBXProject "badparking-ios" */ = {
			isa = XCConfigurationList;
			buildConfigurations = (
				E731341A1D1D482300C3B886 /* Debug */,
				E731341B1D1D482300C3B886 /* Release */,
			);
			defaultConfigurationIsVisible = 0;
			defaultConfigurationName = Release;
		};
		E731341C1D1D482300C3B886 /* Build configuration list for PBXNativeTarget "badparking-ios" */ = {
			isa = XCConfigurationList;
			buildConfigurations = (
				E731341D1D1D482300C3B886 /* Debug */,
				E731341E1D1D482300C3B886 /* Release */,
			);
			defaultConfigurationIsVisible = 0;
			defaultConfigurationName = Release;
		};
/* End XCConfigurationList section */
	};
	rootObject = E73133F51D1D482200C3B886 /* Project object */;
}
